
Microsoft Visual Studio Solution File, Format Version 12.00
# Visual Studio Version 17
VisualStudioVersion = 17.0.32126.317
MinimumVisualStudioVersion = 10.0.40219.1
Project("{FAE04EC0-301F-11D3-BF4B-00C04F79EFBC}") = "apiUser", "apiUser\apiUser.csproj", "{8E64C542-1C38-417B-8460-C81ABF034AD5}"
EndProject
Global
	GlobalSection(SolutionConfigurationPlatforms) = preSolution
		Debug|Any CPU = Debug|Any CPU
		Release|Any CPU = Release|Any CPU
	EndGlobalSection
	GlobalSection(ProjectConfigurationPlatforms) = postSolution
		{8E64C542-1C38-417B-8460-C81ABF034AD5}.Debug|Any CPU.ActiveCfg = Debug|Any CPU
		{8E64C542-1C38-417B-8460-C81ABF034AD5}.Debug|Any CPU.Build.0 = Debug|Any CPU
		{8E64C542-1C38-417B-8460-C81ABF034AD5}.Release|Any CPU.ActiveCfg = Release|Any CPU
		{8E64C542-1C38-417B-8460-C81ABF034AD5}.Release|Any CPU.Build.0 = Release|Any CPU
	EndGlobalSection
	GlobalSection(SolutionProperties) = preSolution
		HideSolutionNode = FALSE
	EndGlobalSection
	GlobalSection(ExtensibilityGlobals) = postSolution
		SolutionGuid = {0841CB18-E7F8-4D20-B401-5CC7EA43F512}
	EndGlobalSection
EndGlobal
